
Microsoft Visual Studio Solution File, Format Version 12.00
# Visual Studio Version 17
VisualStudioVersion = 17.5.33414.496
MinimumVisualStudioVersion = 10.0.40219.1
Project("{FAE04EC0-301F-11D3-BF4B-00C04F79EFBC}") = "AcademiaAtos_Exercicio10", "AcademiaAtos_Exercicio10.csproj", "{A20768D3-09A3-44F7-B0D5-C404C9F1A8EE}"
EndProject
Global
	GlobalSection(SolutionConfigurationPlatforms) = preSolution
		Debug|Any CPU = Debug|Any CPU
		Release|Any CPU = Release|Any CPU
	EndGlobalSection
	GlobalSection(ProjectConfigurationPlatforms) = postSolution
		{A20768D3-09A3-44F7-B0D5-C404C9F1A8EE}.Debug|Any CPU.ActiveCfg = Debug|Any CPU
		{A20768D3-09A3-44F7-B0D5-C404C9F1A8EE}.Debug|Any CPU.Build.0 = Debug|Any CPU
		{A20768D3-09A3-44F7-B0D5-C404C9F1A8EE}.Release|Any CPU.ActiveCfg = Release|Any CPU
		{A20768D3-09A3-44F7-B0D5-C404C9F1A8EE}.Release|Any CPU.Build.0 = Release|Any CPU
	EndGlobalSection
	GlobalSection(SolutionProperties) = preSolution
		HideSolutionNode = FALSE
	EndGlobalSection
	GlobalSection(ExtensibilityGlobals) = postSolution
		SolutionGuid = {3771024F-E441-4D93-A6AD-52335BD33948}
	EndGlobalSection
EndGlobal
