
Microsoft Visual Studio Solution File, Format Version 12.00
# Visual Studio Version 17
VisualStudioVersion = 17.5.33414.496
MinimumVisualStudioVersion = 10.0.40219.1
Project("{FAE04EC0-301F-11D3-BF4B-00C04F79EFBC}") = "AcademiaAtos_Exercicio07", "AcademiaAtos_Exercicio07.csproj", "{B978563C-088D-4257-94DC-6FD9E6E6E92E}"
EndProject
Global
	GlobalSection(SolutionConfigurationPlatforms) = preSolution
		Debug|Any CPU = Debug|Any CPU
		Release|Any CPU = Release|Any CPU
	EndGlobalSection
	GlobalSection(ProjectConfigurationPlatforms) = postSolution
		{B978563C-088D-4257-94DC-6FD9E6E6E92E}.Debug|Any CPU.ActiveCfg = Debug|Any CPU
		{B978563C-088D-4257-94DC-6FD9E6E6E92E}.Debug|Any CPU.Build.0 = Debug|Any CPU
		{B978563C-088D-4257-94DC-6FD9E6E6E92E}.Release|Any CPU.ActiveCfg = Release|Any CPU
		{B978563C-088D-4257-94DC-6FD9E6E6E92E}.Release|Any CPU.Build.0 = Release|Any CPU
	EndGlobalSection
	GlobalSection(SolutionProperties) = preSolution
		HideSolutionNode = FALSE
	EndGlobalSection
	GlobalSection(ExtensibilityGlobals) = postSolution
		SolutionGuid = {5323B45B-855F-49F2-AB12-EDABEA11C75E}
	EndGlobalSection
EndGlobal
