
Microsoft Visual Studio Solution File, Format Version 12.00
# Visual Studio Version 17
VisualStudioVersion = 17.5.33414.496
MinimumVisualStudioVersion = 10.0.40219.1
Project("{FAE04EC0-301F-11D3-BF4B-00C04F79EFBC}") = "AcademiaAtos_Exercicio06", "AcademiaAtos_Exercicio06.csproj", "{24AEC856-D9D1-4E43-88B7-866FC66F90D3}"
EndProject
Global
	GlobalSection(SolutionConfigurationPlatforms) = preSolution
		Debug|Any CPU = Debug|Any CPU
		Release|Any CPU = Release|Any CPU
	EndGlobalSection
	GlobalSection(ProjectConfigurationPlatforms) = postSolution
		{24AEC856-D9D1-4E43-88B7-866FC66F90D3}.Debug|Any CPU.ActiveCfg = Debug|Any CPU
		{24AEC856-D9D1-4E43-88B7-866FC66F90D3}.Debug|Any CPU.Build.0 = Debug|Any CPU
		{24AEC856-D9D1-4E43-88B7-866FC66F90D3}.Release|Any CPU.ActiveCfg = Release|Any CPU
		{24AEC856-D9D1-4E43-88B7-866FC66F90D3}.Release|Any CPU.Build.0 = Release|Any CPU
	EndGlobalSection
	GlobalSection(SolutionProperties) = preSolution
		HideSolutionNode = FALSE
	EndGlobalSection
	GlobalSection(ExtensibilityGlobals) = postSolution
		SolutionGuid = {23F9A3E2-FF36-4DC6-B71A-7D70AC443B5F}
	EndGlobalSection
EndGlobal
