
Microsoft Visual Studio Solution File, Format Version 12.00
# Visual Studio Version 17
VisualStudioVersion = 17.5.33414.496
MinimumVisualStudioVersion = 10.0.40219.1
Project("{FAE04EC0-301F-11D3-BF4B-00C04F79EFBC}") = "AcademiaAtos_Exercicio03", "AcademiaAtos_Exercicio03.csproj", "{7A5C8E92-BF40-4399-B9BF-982F8ECEE511}"
EndProject
Global
	GlobalSection(SolutionConfigurationPlatforms) = preSolution
		Debug|Any CPU = Debug|Any CPU
		Release|Any CPU = Release|Any CPU
	EndGlobalSection
	GlobalSection(ProjectConfigurationPlatforms) = postSolution
		{7A5C8E92-BF40-4399-B9BF-982F8ECEE511}.Debug|Any CPU.ActiveCfg = Debug|Any CPU
		{7A5C8E92-BF40-4399-B9BF-982F8ECEE511}.Debug|Any CPU.Build.0 = Debug|Any CPU
		{7A5C8E92-BF40-4399-B9BF-982F8ECEE511}.Release|Any CPU.ActiveCfg = Release|Any CPU
		{7A5C8E92-BF40-4399-B9BF-982F8ECEE511}.Release|Any CPU.Build.0 = Release|Any CPU
	EndGlobalSection
	GlobalSection(SolutionProperties) = preSolution
		HideSolutionNode = FALSE
	EndGlobalSection
	GlobalSection(ExtensibilityGlobals) = postSolution
		SolutionGuid = {A2802F57-17E4-48C5-9DDE-C3C6A8769C06}
	EndGlobalSection
EndGlobal
